<?xml version="1.0" encoding="utf-8"?>
<Project ToolsVersion="4.0" xmlns="http://schemas.microsoft.com/developer/msbuild/2003">
  <ItemGroup>
    <Filter Include="src">
      <UniqueIdentifier>{4FC737F1-C7A5-4376-A066-2A32D752A2FF}</UniqueIdentifier>
      <Extensions>cpp;c;cxx;def;odl;idl;hpj;bat;asm;asmx</Extensions>
    </Filter>
    <Filter Include="src\classes">
      <UniqueIdentifier>{909299c4-5c66-4295-b59e-78d1ba976f84}</UniqueIdentifier>
    </Filter>
    <Filter Include="src\classes\macros">
      <UniqueIdentifier>{50f3db4c-92dc-41d5-ac68-8828081aa49b}</UniqueIdentifier>
    </Filter>
    <Filter Include="include/f1">
      <UniqueIdentifier>{93995380-89BD-4b04-88EB-625FBE52EBFB}</UniqueIdentifier>
      <Extensions>h;hpp;hxx;hm;inl;inc;xsd</Extensions>
    </Filter>
    <Filter Include="include/f1\pp.standard.msvc">
      <UniqueIdentifier>{3825de94-780c-4112-9fca-ff9313fc42d1}</UniqueIdentifier>
    </Filter>
    <Filter Include="include/f1\pp.standard.msvc\macros">
      <UniqueIdentifier>{c72bbe25-484b-419a-bc35-103139849b0d}</UniqueIdentifier>
    </Filter>
    <Filter Include="docs">
      <UniqueIdentifier>{a5c98d8f-18c9-427b-8259-e5d393491eb4}</UniqueIdentifier>
    </Filter>
  </ItemGroup>
  <ItemGroup>
    <ClCompile Include="..\..\src\main.cpp">
      <Filter>src</Filter>
    </ClCompile>
    <ClCompile Include="..\..\src\pch.cpp">
      <Filter>src</Filter>
    </ClCompile>
    <ClCompile Include="..\..\src\standard.cxx">
      <Filter>src\classes</Filter>
    </ClCompile>
    <ClCompile Include="..\..\src\macros\macro_pragma.cxx">
      <Filter>src\classes\macros</Filter>
    </ClCompile>
  </ItemGroup>
  <ItemGroup>
    <ClInclude Include="..\..\src\main.h">
      <Filter>src</Filter>
    </ClInclude>
    <ClInclude Include="..\..\src\pch.h">
      <Filter>src</Filter>
    </ClInclude>
    <ClInclude Include="..\..\include\f1\pp.standard.msvc-config.h">
      <Filter>include/f1</Filter>
    </ClInclude>
    <ClInclude Include="..\..\include\f1\pp.standard.msvc-forward.h">
      <Filter>include/f1</Filter>
    </ClInclude>
    <ClInclude Include="..\..\include\f1\pp.standard.msvc.h">
      <Filter>include/f1</Filter>
    </ClInclude>
    <ClInclude Include="..\..\include\f1\pp.standard.msvc\standard.hxx">
      <Filter>include/f1\pp.standard.msvc</Filter>
    </ClInclude>
    <ClInclude Include="..\..\include\f1\pp.standard.msvc\macros\macro_pragma.hxx">
      <Filter>include/f1\pp.standard.msvc\macros</Filter>
    </ClInclude>
  </ItemGroup>
  <ItemGroup>
    <None Include="..\..\docs\contents.md">
      <Filter>docs</Filter>
    </None>
    <None Include="..\..\docs\todo.md">
      <Filter>docs</Filter>
    </None>
    <None Include="..\..\.gitignore" />
    <None Include="..\..\README.md" />
  </ItemGroup>
</Project>