<?xml version="1.0" encoding="utf-8"?>
<Project ToolsVersion="4.0" xmlns="http://schemas.microsoft.com/developer/msbuild/2003">
  <ItemGroup>
    <Filter Include="src">
      <UniqueIdentifier>{4FC737F1-C7A5-4376-A066-2A32D752A2FF}</UniqueIdentifier>
      <Extensions>cpp;c;cxx;def;odl;idl;hpj;bat;pp;ppx</Extensions>
    </Filter>
    <Filter Include="src\classes">
      <UniqueIdentifier>{9279a4dd-8343-4b3c-ac52-9537983c556d}</UniqueIdentifier>
    </Filter>
    <Filter Include="include/f1">
      <UniqueIdentifier>{93995380-89BD-4b04-88EB-625FBE52EBFB}</UniqueIdentifier>
      <Extensions>h;hpp;hxx;hm;inl;inc;xsd</Extensions>
    </Filter>
    <Filter Include="include/f1\pp.frontend">
      <UniqueIdentifier>{8bbe1d3b-d929-4581-aee2-0e9a80c88ed5}</UniqueIdentifier>
    </Filter>
  </ItemGroup>
  <ItemGroup>
    <ClCompile Include="..\..\src\main.cpp">
      <Filter>src</Filter>
    </ClCompile>
    <ClCompile Include="..\..\src\pch.cpp">
      <Filter>src</Filter>
    </ClCompile>
    <ClCompile Include="..\..\src\application.cxx">
      <Filter>src\classes</Filter>
    </ClCompile>
    <ClCompile Include="..\..\src\context.cxx">
      <Filter>src\classes</Filter>
    </ClCompile>
  </ItemGroup>
  <ItemGroup>
    <ClInclude Include="..\..\src\main.h">
      <Filter>src</Filter>
    </ClInclude>
    <ClInclude Include="..\..\src\pch.h">
      <Filter>src</Filter>
    </ClInclude>
    <ClInclude Include="..\..\include\f1\pp.frontend-config.h">
      <Filter>include/f1</Filter>
    </ClInclude>
    <ClInclude Include="..\..\include\f1\pp.frontend-forward.h">
      <Filter>include/f1</Filter>
    </ClInclude>
    <ClInclude Include="..\..\include\f1\pp.frontend.h">
      <Filter>include/f1</Filter>
    </ClInclude>
    <ClInclude Include="..\..\include\f1\pp.frontend\application.hxx">
      <Filter>include/f1\pp.frontend</Filter>
    </ClInclude>
    <ClInclude Include="..\..\include\f1\pp.frontend\context.hxx">
      <Filter>include/f1\pp.frontend</Filter>
    </ClInclude>
  </ItemGroup>
  <ItemGroup>
    <None Include="..\..\.gitignore" />
    <None Include="..\..\readme.md" />
  </ItemGroup>
</Project>